
Microsoft Visual Studio Solution File, Format Version 12.00
# Visual Studio 15
VisualStudioVersion = 15.0.28010.2046
MinimumVisualStudioVersion = 10.0.40219.1
Project("{FAE04EC0-301F-11D3-BF4B-00C04F79EFBC}") = "DecoratorDemo", "DecoratorDemo\DecoratorDemo.csproj", "{59936DBF-54F5-44A6-937A-EE5904249CEB}"
EndProject
Global
	GlobalSection(SolutionConfigurationPlatforms) = preSolution
		Debug|Any CPU = Debug|Any CPU
		Release|Any CPU = Release|Any CPU
	EndGlobalSection
	GlobalSection(ProjectConfigurationPlatforms) = postSolution
		{59936DBF-54F5-44A6-937A-EE5904249CEB}.Debug|Any CPU.ActiveCfg = Debug|Any CPU
		{59936DBF-54F5-44A6-937A-EE5904249CEB}.Debug|Any CPU.Build.0 = Debug|Any CPU
		{59936DBF-54F5-44A6-937A-EE5904249CEB}.Release|Any CPU.ActiveCfg = Release|Any CPU
		{59936DBF-54F5-44A6-937A-EE5904249CEB}.Release|Any CPU.Build.0 = Release|Any CPU
	EndGlobalSection
	GlobalSection(SolutionProperties) = preSolution
		HideSolutionNode = FALSE
	EndGlobalSection
	GlobalSection(ExtensibilityGlobals) = postSolution
		SolutionGuid = {5A6D322B-276E-4965-BE69-414DE25937A1}
	EndGlobalSection
EndGlobal
